
Microsoft Visual Studio Solution File, Format Version 12.00
# Visual Studio Version 16
VisualStudioVersion = 16.0.29609.76
MinimumVisualStudioVersion = 10.0.40219.1
Project("{9A19103F-16F7-4668-BE54-9A1E7A4F7556}") = "ORM", "ORM\ORM.csproj", "{AA81E679-187C-4C0C-923E-BB8A91BA8610}"
EndProject
Project("{9A19103F-16F7-4668-BE54-9A1E7A4F7556}") = "LongigantenAPI", "..\..\..\..\source\repos\LongigantenAPI\LongigantenAPI\LongigantenAPI.csproj", "{FA839AB6-E0BB-456D-B284-03996BA785F6}"
EndProject
Global
	GlobalSection(SolutionConfigurationPlatforms) = preSolution
		Debug|Any CPU = Debug|Any CPU
		Release|Any CPU = Release|Any CPU
	EndGlobalSection
	GlobalSection(ProjectConfigurationPlatforms) = postSolution
		{AA81E679-187C-4C0C-923E-BB8A91BA8610}.Debug|Any CPU.ActiveCfg = Debug|Any CPU
		{AA81E679-187C-4C0C-923E-BB8A91BA8610}.Debug|Any CPU.Build.0 = Debug|Any CPU
		{AA81E679-187C-4C0C-923E-BB8A91BA8610}.Release|Any CPU.ActiveCfg = Release|Any CPU
		{AA81E679-187C-4C0C-923E-BB8A91BA8610}.Release|Any CPU.Build.0 = Release|Any CPU
		{FA839AB6-E0BB-456D-B284-03996BA785F6}.Debug|Any CPU.ActiveCfg = Debug|Any CPU
		{FA839AB6-E0BB-456D-B284-03996BA785F6}.Debug|Any CPU.Build.0 = Debug|Any CPU
		{FA839AB6-E0BB-456D-B284-03996BA785F6}.Release|Any CPU.ActiveCfg = Release|Any CPU
		{FA839AB6-E0BB-456D-B284-03996BA785F6}.Release|Any CPU.Build.0 = Release|Any CPU
	EndGlobalSection
	GlobalSection(SolutionProperties) = preSolution
		HideSolutionNode = FALSE
	EndGlobalSection
	GlobalSection(ExtensibilityGlobals) = postSolution
		SolutionGuid = {525F92F0-37BD-4820-9687-ACAB06D0446F}
	EndGlobalSection
EndGlobal
