
Microsoft Visual Studio Solution File, Format Version 12.00
# Visual Studio Version 16
VisualStudioVersion = 16.0.29609.76
MinimumVisualStudioVersion = 10.0.40219.1
Project("{9A19103F-16F7-4668-BE54-9A1E7A4F7556}") = "LongigantenAPI", "LongigantenAPI\LongigantenAPI.csproj", "{DCBF865F-010D-4751-B22C-D9650AE027EF}"
EndProject
Project("{9A19103F-16F7-4668-BE54-9A1E7A4F7556}") = "ORM", "..\ORM\ORM\ORM.csproj", "{BCC55FEA-6169-4BE7-867E-BE7BBF646256}"
EndProject
Global
	GlobalSection(SolutionConfigurationPlatforms) = preSolution
		Debug|Any CPU = Debug|Any CPU
		Release|Any CPU = Release|Any CPU
	EndGlobalSection
	GlobalSection(ProjectConfigurationPlatforms) = postSolution
		{DCBF865F-010D-4751-B22C-D9650AE027EF}.Debug|Any CPU.ActiveCfg = Debug|Any CPU
		{DCBF865F-010D-4751-B22C-D9650AE027EF}.Debug|Any CPU.Build.0 = Debug|Any CPU
		{DCBF865F-010D-4751-B22C-D9650AE027EF}.Release|Any CPU.ActiveCfg = Release|Any CPU
		{DCBF865F-010D-4751-B22C-D9650AE027EF}.Release|Any CPU.Build.0 = Release|Any CPU
		{BCC55FEA-6169-4BE7-867E-BE7BBF646256}.Debug|Any CPU.ActiveCfg = Debug|Any CPU
		{BCC55FEA-6169-4BE7-867E-BE7BBF646256}.Debug|Any CPU.Build.0 = Debug|Any CPU
		{BCC55FEA-6169-4BE7-867E-BE7BBF646256}.Release|Any CPU.ActiveCfg = Release|Any CPU
		{BCC55FEA-6169-4BE7-867E-BE7BBF646256}.Release|Any CPU.Build.0 = Release|Any CPU
	EndGlobalSection
	GlobalSection(SolutionProperties) = preSolution
		HideSolutionNode = FALSE
	EndGlobalSection
	GlobalSection(ExtensibilityGlobals) = postSolution
		SolutionGuid = {9FFC93F4-67A1-43FC-B9FC-4C166F75C34D}
	EndGlobalSection
EndGlobal
